
Microsoft Visual Studio Solution File, Format Version 12.00
# Visual Studio 15
VisualStudioVersion = 15.0.27703.2035
MinimumVisualStudioVersion = 10.0.40219.1
Project("{FAE04EC0-301F-11D3-BF4B-00C04F79EFBC}") = "DBSharpAPP", "DBSharpAPP\DBSharpAPP.csproj", "{899FA159-F5B7-4724-B7DC-08B749582DFA}"
EndProject
Global
	GlobalSection(SolutionConfigurationPlatforms) = preSolution
		Debug|Any CPU = Debug|Any CPU
		Release|Any CPU = Release|Any CPU
	EndGlobalSection
	GlobalSection(ProjectConfigurationPlatforms) = postSolution
		{899FA159-F5B7-4724-B7DC-08B749582DFA}.Debug|Any CPU.ActiveCfg = Debug|Any CPU
		{899FA159-F5B7-4724-B7DC-08B749582DFA}.Debug|Any CPU.Build.0 = Debug|Any CPU
		{899FA159-F5B7-4724-B7DC-08B749582DFA}.Release|Any CPU.ActiveCfg = Release|Any CPU
		{899FA159-F5B7-4724-B7DC-08B749582DFA}.Release|Any CPU.Build.0 = Release|Any CPU
	EndGlobalSection
	GlobalSection(SolutionProperties) = preSolution
		HideSolutionNode = FALSE
	EndGlobalSection
	GlobalSection(ExtensibilityGlobals) = postSolution
		SolutionGuid = {F94BB8C6-2936-4E43-9132-BFC4EA69D367}
	EndGlobalSection
EndGlobal
