
Microsoft Visual Studio Solution File, Format Version 12.00
# Visual Studio 15
VisualStudioVersion = 15.0.27703.2042
MinimumVisualStudioVersion = 10.0.40219.1
Project("{FAE04EC0-301F-11D3-BF4B-00C04F79EFBC}") = "DatabaseFirst", "ConsoleApp5\DatabaseFirst.csproj", "{BC3C34A4-8BC6-4143-B09A-FA0186B839EE}"
EndProject
Global
	GlobalSection(SolutionConfigurationPlatforms) = preSolution
		Debug|Any CPU = Debug|Any CPU
		Release|Any CPU = Release|Any CPU
	EndGlobalSection
	GlobalSection(ProjectConfigurationPlatforms) = postSolution
		{BC3C34A4-8BC6-4143-B09A-FA0186B839EE}.Debug|Any CPU.ActiveCfg = Debug|Any CPU
		{BC3C34A4-8BC6-4143-B09A-FA0186B839EE}.Debug|Any CPU.Build.0 = Debug|Any CPU
		{BC3C34A4-8BC6-4143-B09A-FA0186B839EE}.Release|Any CPU.ActiveCfg = Release|Any CPU
		{BC3C34A4-8BC6-4143-B09A-FA0186B839EE}.Release|Any CPU.Build.0 = Release|Any CPU
	EndGlobalSection
	GlobalSection(SolutionProperties) = preSolution
		HideSolutionNode = FALSE
	EndGlobalSection
	GlobalSection(ExtensibilityGlobals) = postSolution
		SolutionGuid = {01C8B09E-765C-40F7-92BD-57F00CE5C549}
	EndGlobalSection
EndGlobal
